
Microsoft Visual Studio Solution File, Format Version 12.00
# Visual Studio Version 17
VisualStudioVersion = 17.1.32414.318
MinimumVisualStudioVersion = 10.0.40219.1
Project("{FAE04EC0-301F-11D3-BF4B-00C04F79EFBC}") = "CustomAwaiter", "CustomAwaiter\CustomAwaiter.csproj", "{50D0BA39-033E-4FDB-81F9-FAFAEA0D2D22}"
EndProject
Global
	GlobalSection(SolutionConfigurationPlatforms) = preSolution
		Debug|Any CPU = Debug|Any CPU
		Release|Any CPU = Release|Any CPU
	EndGlobalSection
	GlobalSection(ProjectConfigurationPlatforms) = postSolution
		{50D0BA39-033E-4FDB-81F9-FAFAEA0D2D22}.Debug|Any CPU.ActiveCfg = Debug|Any CPU
		{50D0BA39-033E-4FDB-81F9-FAFAEA0D2D22}.Debug|Any CPU.Build.0 = Debug|Any CPU
		{50D0BA39-033E-4FDB-81F9-FAFAEA0D2D22}.Release|Any CPU.ActiveCfg = Release|Any CPU
		{50D0BA39-033E-4FDB-81F9-FAFAEA0D2D22}.Release|Any CPU.Build.0 = Release|Any CPU
	EndGlobalSection
	GlobalSection(SolutionProperties) = preSolution
		HideSolutionNode = FALSE
	EndGlobalSection
	GlobalSection(ExtensibilityGlobals) = postSolution
		SolutionGuid = {FC9C75C8-2284-456A-BD51-D1753F964B05}
	EndGlobalSection
EndGlobal
